// !$*UTF8*$!
{
	archiveVersion = 1;
	classes = {
	};
	objectVersion = 50;
	objects = {

/* Begin PBXBuildFile section */
		B7203D2D2497C7AC0074B985 /* Extensions.swift in Sources */ = {isa = PBXBuildFile; fileRef = B7203D2C2497C7AC0074B985 /* Extensions.swift */; };
		B728B2F9248AC40A00549D0F /* CalendarCell.swift in Sources */ = {isa = PBXBuildFile; fileRef = B728B2F8248AC40A00549D0F /* CalendarCell.swift */; };
		B7A1A096248EC7AC006B37D9 /* HabitDate.swift in Sources */ = {isa = PBXBuildFile; fileRef = B7A1A095248EC7AC006B37D9 /* HabitDate.swift */; };
		D0040185249A8FC100A15279 /* SceneManager.swift in Sources */ = {isa = PBXBuildFile; fileRef = D0040184249A8FC100A15279 /* SceneManager.swift */; };
		D05FF87124896C3000CD861E /* AppDelegate.swift in Sources */ = {isa = PBXBuildFile; fileRef = D05FF87024896C3000CD861E /* AppDelegate.swift */; };
		D05FF87324896C3000CD861E /* SceneDelegate.swift in Sources */ = {isa = PBXBuildFile; fileRef = D05FF87224896C3000CD861E /* SceneDelegate.swift */; };
		D05FF87524896C3000CD861E /* ViewController.swift in Sources */ = {isa = PBXBuildFile; fileRef = D05FF87424896C3000CD861E /* ViewController.swift */; };
		D05FF87824896C3000CD861E /* Main.storyboard in Resources */ = {isa = PBXBuildFile; fileRef = D05FF87624896C3000CD861E /* Main.storyboard */; };
		D05FF87A24896C3200CD861E /* Assets.xcassets in Resources */ = {isa = PBXBuildFile; fileRef = D05FF87924896C3200CD861E /* Assets.xcassets */; };
		D05FF87D24896C3200CD861E /* LaunchScreen.storyboard in Resources */ = {isa = PBXBuildFile; fileRef = D05FF87B24896C3200CD861E /* LaunchScreen.storyboard */; };
		D05FF88524896CBF00CD861E /* Funcoes.swift in Sources */ = {isa = PBXBuildFile; fileRef = D05FF88424896CBF00CD861E /* Funcoes.swift */; };
/* End PBXBuildFile section */

/* Begin PBXFileReference section */
		B7203D2C2497C7AC0074B985 /* Extensions.swift */ = {isa = PBXFileReference; lastKnownFileType = sourcecode.swift; path = Extensions.swift; sourceTree = "<group>"; };
		B728B2F8248AC40A00549D0F /* CalendarCell.swift */ = {isa = PBXFileReference; lastKnownFileType = sourcecode.swift; path = CalendarCell.swift; sourceTree = "<group>"; };
		B7A1A095248EC7AC006B37D9 /* HabitDate.swift */ = {isa = PBXFileReference; lastKnownFileType = sourcecode.swift; path = HabitDate.swift; sourceTree = "<group>"; };
		D0040184249A8FC100A15279 /* SceneManager.swift */ = {isa = PBXFileReference; lastKnownFileType = sourcecode.swift; path = SceneManager.swift; sourceTree = "<group>"; };
		D05FF86D24896C3000CD861E /* Farol.app */ = {isa = PBXFileReference; explicitFileType = wrapper.application; includeInIndex = 0; path = Farol.app; sourceTree = BUILT_PRODUCTS_DIR; };
		D05FF87024896C3000CD861E /* AppDelegate.swift */ = {isa = PBXFileReference; lastKnownFileType = sourcecode.swift; path = AppDelegate.swift; sourceTree = "<group>"; };
		D05FF87224896C3000CD861E /* SceneDelegate.swift */ = {isa = PBXFileReference; lastKnownFileType = sourcecode.swift; path = SceneDelegate.swift; sourceTree = "<group>"; };
		D05FF87424896C3000CD861E /* ViewController.swift */ = {isa = PBXFileReference; lastKnownFileType = sourcecode.swift; path = ViewController.swift; sourceTree = "<group>"; };
		D05FF87724896C3000CD861E /* Base */ = {isa = PBXFileReference; lastKnownFileType = file.storyboard; name = Base; path = Base.lproj/Main.storyboard; sourceTree = "<group>"; };
		D05FF87924896C3200CD861E /* Assets.xcassets */ = {isa = PBXFileReference; lastKnownFileType = folder.assetcatalog; path = Assets.xcassets; sourceTree = "<group>"; };
		D05FF87C24896C3200CD861E /* Base */ = {isa = PBXFileReference; lastKnownFileType = file.storyboard; name = Base; path = Base.lproj/LaunchScreen.storyboard; sourceTree = "<group>"; };
		D05FF87E24896C3200CD861E /* Info.plist */ = {isa = PBXFileReference; lastKnownFileType = text.plist.xml; path = Info.plist; sourceTree = "<group>"; };
		D05FF88424896CBF00CD861E /* Funcoes.swift */ = {isa = PBXFileReference; lastKnownFileType = sourcecode.swift; path = Funcoes.swift; sourceTree = "<group>"; };
/* End PBXFileReference section */

/* Begin PBXFrameworksBuildPhase section */
		D05FF86A24896C3000CD861E /* Frameworks */ = {
			isa = PBXFrameworksBuildPhase;
			buildActionMask = 2147483647;
			files = (
			);
			runOnlyForDeploymentPostprocessing = 0;
		};
/* End PBXFrameworksBuildPhase section */

/* Begin PBXGroup section */
		D05FF86424896C3000CD861E = {
			isa = PBXGroup;
			children = (
				D05FF86F24896C3000CD861E /* Farol */,
				D05FF86E24896C3000CD861E /* Products */,
			);
			sourceTree = "<group>";
		};
		D05FF86E24896C3000CD861E /* Products */ = {
			isa = PBXGroup;
			children = (
				D05FF86D24896C3000CD861E /* Farol.app */,
			);
			name = Products;
			sourceTree = "<group>";
		};
		D05FF86F24896C3000CD861E /* Farol */ = {
			isa = PBXGroup;
			children = (
				D05FF87024896C3000CD861E /* AppDelegate.swift */,
				D05FF87224896C3000CD861E /* SceneDelegate.swift */,
				D05FF87424896C3000CD861E /* ViewController.swift */,
				B728B2F8248AC40A00549D0F /* CalendarCell.swift */,
				D05FF87624896C3000CD861E /* Main.storyboard */,
				D05FF87924896C3200CD861E /* Assets.xcassets */,
				D05FF87B24896C3200CD861E /* LaunchScreen.storyboard */,
				D05FF87E24896C3200CD861E /* Info.plist */,
				D05FF88424896CBF00CD861E /* Funcoes.swift */,
				B7A1A095248EC7AC006B37D9 /* HabitDate.swift */,
				B7203D2C2497C7AC0074B985 /* Extensions.swift */,
				D0040184249A8FC100A15279 /* SceneManager.swift */,
			);
			path = Farol;
			sourceTree = "<group>";
		};
/* End PBXGroup section */

/* Begin PBXNativeTarget section */
		D05FF86C24896C3000CD861E /* Farol */ = {
			isa = PBXNativeTarget;
			buildConfigurationList = D05FF88124896C3200CD861E /* Build configuration list for PBXNativeTarget "Farol" */;
			buildPhases = (
				D05FF86924896C3000CD861E /* Sources */,
				D05FF86A24896C3000CD861E /* Frameworks */,
				D05FF86B24896C3000CD861E /* Resources */,
			);
			buildRules = (
			);
			dependencies = (
			);
			name = Farol;
			productName = Farol;
			productReference = D05FF86D24896C3000CD861E /* Farol.app */;
			productType = "com.apple.product-type.application";
		};
/* End PBXNativeTarget section */

/* Begin PBXProject section */
		D05FF86524896C3000CD861E /* Project object */ = {
			isa = PBXProject;
			attributes = {
				LastSwiftUpdateCheck = 1140;
				LastUpgradeCheck = 1140;
				ORGANIZATIONNAME = yuryAntony;
				TargetAttributes = {
					D05FF86C24896C3000CD861E = {
						CreatedOnToolsVersion = 11.4.1;
					};
				};
			};
			buildConfigurationList = D05FF86824896C3000CD861E /* Build configuration list for PBXProject "Farol" */;
			compatibilityVersion = "Xcode 9.3";
			developmentRegion = en;
			hasScannedForEncodings = 0;
			knownRegions = (
				en,
				Base,
			);
			mainGroup = D05FF86424896C3000CD861E;
			productRefGroup = D05FF86E24896C3000CD861E /* Products */;
			projectDirPath = "";
			projectRoot = "";
			targets = (
				D05FF86C24896C3000CD861E /* Farol */,
			);
		};
/* End PBXProject section */

/* Begin PBXResourcesBuildPhase section */
		D05FF86B24896C3000CD861E /* Resources */ = {
			isa = PBXResourcesBuildPhase;
			buildActionMask = 2147483647;
			files = (
				D05FF87D24896C3200CD861E /* LaunchScreen.storyboard in Resources */,
				D05FF87A24896C3200CD861E /* Assets.xcassets in Resources */,
				D05FF87824896C3000CD861E /* Main.storyboard in Resources */,
			);
			runOnlyForDeploymentPostprocessing = 0;
		};
/* End PBXResourcesBuildPhase section */

/* Begin PBXSourcesBuildPhase section */
		D05FF86924896C3000CD861E /* Sources */ = {
			isa = PBXSourcesBuildPhase;
			buildActionMask = 2147483647;
			files = (
				D05FF87524896C3000CD861E /* ViewController.swift in Sources */,
				B7A1A096248EC7AC006B37D9 /* HabitDate.swift in Sources */,
				D05FF88524896CBF00CD861E /* Funcoes.swift in Sources */,
				D05FF87124896C3000CD861E /* AppDelegate.swift in Sources */,
				D05FF87324896C3000CD861E /* SceneDelegate.swift in Sources */,
				B728B2F9248AC40A00549D0F /* CalendarCell.swift in Sources */,
				D0040185249A8FC100A15279 /* SceneManager.swift in Sources */,
				B7203D2D2497C7AC0074B985 /* Extensions.swift in Sources */,
			);
			runOnlyForDeploymentPostprocessing = 0;
		};
/* End PBXSourcesBuildPhase section */

/* Begin PBXVariantGroup section */
		D05FF87624896C3000CD861E /* Main.storyboard */ = {
			isa = PBXVariantGroup;
			children = (
				D05FF87724896C3000CD861E /* Base */,
			);
			name = Main.storyboard;
			sourceTree = "<group>";
		};
		D05FF87B24896C3200CD861E /* LaunchScreen.storyboard */ = {
			isa = PBXVariantGroup;
			children = (
				D05FF87C24896C3200CD861E /* Base */,
			);
			name = LaunchScreen.storyboard;
			sourceTree = "<group>";
		};
/* End PBXVariantGroup section */

/* Begin XCBuildConfiguration section */
		D05FF87F24896C3200CD861E /* Debug */ = {
			isa = XCBuildConfiguration;
			buildSettings = {
				ALWAYS_SEARCH_USER_PATHS = NO;
				CLANG_ANALYZER_NONNULL = YES;
				CLANG_ANALYZER_NUMBER_OBJECT_CONVERSION = YES_AGGRESSIVE;
				CLANG_CXX_LANGUAGE_STANDARD = "gnu++14";
				CLANG_CXX_LIBRARY = "libc++";
				CLANG_ENABLE_MODULES = YES;
				CLANG_ENABLE_OBJC_ARC = YES;
				CLANG_ENABLE_OBJC_WEAK = YES;
				CLANG_WARN_BLOCK_CAPTURE_AUTORELEASING = YES;
				CLANG_WARN_BOOL_CONVERSION = YES;
				CLANG_WARN_COMMA = YES;
				CLANG_WARN_CONSTANT_CONVERSION = YES;
				CLANG_WARN_DEPRECATED_OBJC_IMPLEMENTATIONS = YES;
				CLANG_WARN_DIRECT_OBJC_ISA_USAGE = YES_ERROR;
				CLANG_WARN_DOCUMENTATION_COMMENTS = YES;
				CLANG_WARN_EMPTY_BODY = YES;
				CLANG_WARN_ENUM_CONVERSION = YES;
				CLANG_WARN_INFINITE_RECURSION = YES;
				CLANG_WARN_INT_CONVERSION = YES;
				CLANG_WARN_NON_LITERAL_NULL_CONVERSION = YES;
				CLANG_WARN_OBJC_IMPLICIT_RETAIN_SELF = YES;
				CLANG_WARN_OBJC_LITERAL_CONVERSION = YES;
				CLANG_WARN_OBJC_ROOT_CLASS = YES_ERROR;
				CLANG_WARN_RANGE_LOOP_ANALYSIS = YES;
				CLANG_WARN_STRICT_PROTOTYPES = YES;
				CLANG_WARN_SUSPICIOUS_MOVE = YES;
				CLANG_WARN_UNGUARDED_AVAILABILITY = YES_AGGRESSIVE;
				CLANG_WARN_UNREACHABLE_CODE = YES;
				CLANG_WARN__DUPLICATE_METHOD_MATCH = YES;
				COPY_PHASE_STRIP = NO;
				DEBUG_INFORMATION_FORMAT = dwarf;
				ENABLE_STRICT_OBJC_MSGSEND = YES;
				ENABLE_TESTABILITY = YES;
				GCC_C_LANGUAGE_STANDARD = gnu11;
				GCC_DYNAMIC_NO_PIC = NO;
				GCC_NO_COMMON_BLOCKS = YES;
				GCC_OPTIMIZATION_LEVEL = 0;
				GCC_PREPROCESSOR_DEFINITIONS = (
					"DEBUG=1",
					"$(inherited)",
				);
				GCC_WARN_64_TO_32_BIT_CONVERSION = YES;
				GCC_WARN_ABOUT_RETURN_TYPE = YES_ERROR;
				GCC_WARN_UNDECLARED_SELECTOR = YES;
				GCC_WARN_UNINITIALIZED_AUTOS = YES_AGGRESSIVE;
				GCC_WARN_UNUSED_FUNCTION = YES;
				GCC_WARN_UNUSED_VARIABLE = YES;
				IPHONEOS_DEPLOYMENT_TARGET = 13.4;
				MTL_ENABLE_DEBUG_INFO = INCLUDE_SOURCE;
				MTL_FAST_MATH = YES;
				ONLY_ACTIVE_ARCH = YES;
				SDKROOT = iphoneos;
				SWIFT_ACTIVE_COMPILATION_CONDITIONS = DEBUG;
				SWIFT_OPTIMIZATION_LEVEL = "-Onone";
			};
			name = Debug;
		};
		D05FF88024896C3200CD861E /* Release */ = {
			isa = XCBuildConfiguration;
			buildSettings = {
				ALWAYS_SEARCH_USER_PATHS = NO;
				CLANG_ANALYZER_NONNULL = YES;
				CLANG_ANALYZER_NUMBER_OBJECT_CONVERSION = YES_AGGRESSIVE;
				CLANG_CXX_LANGUAGE_STANDARD = "gnu++14";
				CLANG_CXX_LIBRARY = "libc++";
				CLANG_ENABLE_MODULES = YES;
				CLANG_ENABLE_OBJC_ARC = YES;
				CLANG_ENABLE_OBJC_WEAK = YES;
				CLANG_WARN_BLOCK_CAPTURE_AUTORELEASING = YES;
				CLANG_WARN_BOOL_CONVERSION = YES;
				CLANG_WARN_COMMA = YES;
				CLANG_WARN_CONSTANT_CONVERSION = YES;
				CLANG_WARN_DEPRECATED_OBJC_IMPLEMENTATIONS = YES;
				CLANG_WARN_DIRECT_OBJC_ISA_USAGE = YES_ERROR;
				CLANG_WARN_DOCUMENTATION_COMMENTS = YES;
				CLANG_WARN_EMPTY_BODY = YES;
				CLANG_WARN_ENUM_CONVERSION = YES;
				CLANG_WARN_INFINITE_RECURSION = YES;
				CLANG_WARN_INT_CONVERSION = YES;
				CLANG_WARN_NON_LITERAL_NULL_CONVERSION = YES;
				CLANG_WARN_OBJC_IMPLICIT_RETAIN_SELF = YES;
				CLANG_WARN_OBJC_LITERAL_CONVERSION = YES;
				CLANG_WARN_OBJC_ROOT_CLASS = YES_ERROR;
				CLANG_WARN_RANGE_LOOP_ANALYSIS = YES;
				CLANG_WARN_STRICT_PROTOTYPES = YES;
				CLANG_WARN_SUSPICIOUS_MOVE = YES;
				CLANG_WARN_UNGUARDED_AVAILABILITY = YES_AGGRESSIVE;
				CLANG_WARN_UNREACHABLE_CODE = YES;
				CLANG_WARN__DUPLICATE_METHOD_MATCH = YES;
				COPY_PHASE_STRIP = NO;
				DEBUG_INFORMATION_FORMAT = "dwarf-with-dsym";
				ENABLE_NS_ASSERTIONS = NO;
				ENABLE_STRICT_OBJC_MSGSEND = YES;
				GCC_C_LANGUAGE_STANDARD = gnu11;
				GCC_NO_COMMON_BLOCKS = YES;
				GCC_WARN_64_TO_32_BIT_CONVERSION = YES;
				GCC_WARN_ABOUT_RETURN_TYPE = YES_ERROR;
				GCC_WARN_UNDECLARED_SELECTOR = YES;
				GCC_WARN_UNINITIALIZED_AUTOS = YES_AGGRESSIVE;
				GCC_WARN_UNUSED_FUNCTION = YES;
				GCC_WARN_UNUSED_VARIABLE = YES;
				IPHONEOS_DEPLOYMENT_TARGET = 13.4;
				MTL_ENABLE_DEBUG_INFO = NO;
				MTL_FAST_MATH = YES;
				SDKROOT = iphoneos;
				SWIFT_COMPILATION_MODE = wholemodule;
				SWIFT_OPTIMIZATION_LEVEL = "-O";
				VALIDATE_PRODUCT = YES;
			};
			name = Release;
		};
		D05FF88224896C3200CD861E /* Debug */ = {
			isa = XCBuildConfiguration;
			buildSettings = {
				ASSETCATALOG_COMPILER_APPICON_NAME = AppIcon;
				CODE_SIGN_STYLE = Automatic;
				INFOPLIST_FILE = Farol/Info.plist;
				LD_RUNPATH_SEARCH_PATHS = (
					"$(inherited)",
					"@executable_path/Frameworks",
				);
				PRODUCT_BUNDLE_IDENTIFIER = equipesa.Farol;
				PRODUCT_NAME = "$(TARGET_NAME)";
				SWIFT_VERSION = 5.0;
				TARGETED_DEVICE_FAMILY = 1;
			};
			name = Debug;
		};
		D05FF88324896C3200CD861E /* Release */ = {
			isa = XCBuildConfiguration;
			buildSettings = {
				ASSETCATALOG_COMPILER_APPICON_NAME = AppIcon;
				CODE_SIGN_STYLE = Automatic;
				INFOPLIST_FILE = Farol/Info.plist;
				LD_RUNPATH_SEARCH_PATHS = (
					"$(inherited)",
					"@executable_path/Frameworks",
				);
				PRODUCT_BUNDLE_IDENTIFIER = equipesa.Farol;
				PRODUCT_NAME = "$(TARGET_NAME)";
				SWIFT_VERSION = 5.0;
				TARGETED_DEVICE_FAMILY = 1;
			};
			name = Release;
		};
/* End XCBuildConfiguration section */

/* Begin XCConfigurationList section */
		D05FF86824896C3000CD861E /* Build configuration list for PBXProject "Farol" */ = {
			isa = XCConfigurationList;
			buildConfigurations = (
				D05FF87F24896C3200CD861E /* Debug */,
				D05FF88024896C3200CD861E /* Release */,
			);
			defaultConfigurationIsVisible = 0;
			defaultConfigurationName = Release;
		};
		D05FF88124896C3200CD861E /* Build configuration list for PBXNativeTarget "Farol" */ = {
			isa = XCConfigurationList;
			buildConfigurations = (
				D05FF88224896C3200CD861E /* Debug */,
				D05FF88324896C3200CD861E /* Release */,
			);
			defaultConfigurationIsVisible = 0;
			defaultConfigurationName = Release;
		};
/* End XCConfigurationList section */
	};
	rootObject = D05FF86524896C3000CD861E /* Project object */;
}
